
Microsoft Visual Studio Solution File, Format Version 12.00
# Visual Studio Version 17
VisualStudioVersion = 17.0.32014.148
MinimumVisualStudioVersion = 10.0.40219.1
Project("{FAE04EC0-301F-11D3-BF4B-00C04F79EFBC}") = "PrimeiroAPP", "PrimeiroAPP\PrimeiroAPP.csproj", "{0256D8CF-A5FD-4BDA-AB7B-5ED101970235}"
EndProject
Global
	GlobalSection(SolutionConfigurationPlatforms) = preSolution
		Debug|Any CPU = Debug|Any CPU
		Release|Any CPU = Release|Any CPU
	EndGlobalSection
	GlobalSection(ProjectConfigurationPlatforms) = postSolution
		{0256D8CF-A5FD-4BDA-AB7B-5ED101970235}.Debug|Any CPU.ActiveCfg = Debug|Any CPU
		{0256D8CF-A5FD-4BDA-AB7B-5ED101970235}.Debug|Any CPU.Build.0 = Debug|Any CPU
		{0256D8CF-A5FD-4BDA-AB7B-5ED101970235}.Release|Any CPU.ActiveCfg = Release|Any CPU
		{0256D8CF-A5FD-4BDA-AB7B-5ED101970235}.Release|Any CPU.Build.0 = Release|Any CPU
	EndGlobalSection
	GlobalSection(SolutionProperties) = preSolution
		HideSolutionNode = FALSE
	EndGlobalSection
	GlobalSection(ExtensibilityGlobals) = postSolution
		SolutionGuid = {E0E383B3-A74F-4A2C-BC90-E04C3C003B5B}
	EndGlobalSection
EndGlobal
